
Microsoft Visual Studio Solution File, Format Version 12.00
# Visual Studio Version 17
VisualStudioVersion = 17.6.33815.320
MinimumVisualStudioVersion = 10.0.40219.1
Project("{9A19103F-16F7-4668-BE54-9A1E7A4F7556}") = "GrokkingAlgorithms", "GrokkingAlgorithms.csproj", "{E967F4A9-6A5A-435D-9487-DD3737450A0B}"
EndProject
Project("{FAE04EC0-301F-11D3-BF4B-00C04F79EFBC}") = "GrokkingAlgorithms_CSharp.UnitTests", "C#\GrokkingAlgorithms_CSharp.UnitTests\GrokkingAlgorithms_CSharp.UnitTests.csproj", "{BF2F8694-96A6-4633-BF21-4146544D27F0}"
EndProject
Global
	GlobalSection(SolutionConfigurationPlatforms) = preSolution
		Debug|Any CPU = Debug|Any CPU
		Release|Any CPU = Release|Any CPU
	EndGlobalSection
	GlobalSection(ProjectConfigurationPlatforms) = postSolution
		{E967F4A9-6A5A-435D-9487-DD3737450A0B}.Debug|Any CPU.ActiveCfg = Debug|Any CPU
		{E967F4A9-6A5A-435D-9487-DD3737450A0B}.Debug|Any CPU.Build.0 = Debug|Any CPU
		{E967F4A9-6A5A-435D-9487-DD3737450A0B}.Release|Any CPU.ActiveCfg = Release|Any CPU
		{E967F4A9-6A5A-435D-9487-DD3737450A0B}.Release|Any CPU.Build.0 = Release|Any CPU
		{BF2F8694-96A6-4633-BF21-4146544D27F0}.Debug|Any CPU.ActiveCfg = Debug|Any CPU
		{BF2F8694-96A6-4633-BF21-4146544D27F0}.Debug|Any CPU.Build.0 = Debug|Any CPU
		{BF2F8694-96A6-4633-BF21-4146544D27F0}.Release|Any CPU.ActiveCfg = Release|Any CPU
		{BF2F8694-96A6-4633-BF21-4146544D27F0}.Release|Any CPU.Build.0 = Release|Any CPU
	EndGlobalSection
	GlobalSection(SolutionProperties) = preSolution
		HideSolutionNode = FALSE
	EndGlobalSection
	GlobalSection(ExtensibilityGlobals) = postSolution
		SolutionGuid = {4B163E2A-791E-47D0-A932-523616021195}
	EndGlobalSection
EndGlobal
